{
  "name": "h4ckath0n",
  "version": "0.1.0",
  "lockfileVersion": 3,
  "requires": true,
  "packages": {
    "": {
      "name": "h4ckath0n",
      "version": "0.1.0",
      "license": "MIT",
      "bin": {
        "h4ckath0n": "bin/cli.js"
      },
      "engines": {
        "node": ">=18"
      }
    }
  }
}
